# THIS IS AN AUTOGENERATED FILE. DO NOT EDIT THIS FILE DIRECTLY.
# yarn lockfile v1


jotai@^2.5.1:
  version "2.5.1"
  resolved "https://registry.yarnpkg.com/jotai/-/jotai-2.5.1.tgz#eed05a32a4ac1264c531a77e86478f7ad3197ca3"
  integrity sha512-vanPCCSuHczUXNbVh/iUunuMfrWRL4FdBtAbTRmrfqezJcKb8ybBTg8iivyYuUHapjcDETyJe1E4inlo26bVHA==
